
Microsoft Visual Studio Solution File, Format Version 12.00
# Visual Studio Version 16
VisualStudioVersion = 16.0.30104.148
MinimumVisualStudioVersion = 10.0.40219.1
Project("{8BC9CEB8-8B4A-11D0-8D11-00A0C91BC942}") = "ImGuiTemplate", "ImGuiTemplate.vcxproj", "{0415C151-E841-4A19-AA2C-EA590E7FF888}"
EndProject
Global
	GlobalSection(SolutionConfigurationPlatforms) = preSolution
		Debug|x64 = Debug|x64
		Debug|x86 = Debug|x86
		Release|x64 = Release|x64
		Release|x86 = Release|x86
	EndGlobalSection
	GlobalSection(ProjectConfigurationPlatforms) = postSolution
		{0415C151-E841-4A19-AA2C-EA590E7FF888}.Debug|x64.ActiveCfg = Debug|x64
		{0415C151-E841-4A19-AA2C-EA590E7FF888}.Debug|x64.Build.0 = Debug|x64
		{0415C151-E841-4A19-AA2C-EA590E7FF888}.Debug|x86.ActiveCfg = Debug|Win32
		{0415C151-E841-4A19-AA2C-EA590E7FF888}.Debug|x86.Build.0 = Debug|Win32
		{0415C151-E841-4A19-AA2C-EA590E7FF888}.Release|x64.ActiveCfg = Release|x64
		{0415C151-E841-4A19-AA2C-EA590E7FF888}.Release|x64.Build.0 = Release|x64
		{0415C151-E841-4A19-AA2C-EA590E7FF888}.Release|x86.ActiveCfg = Release|Win32
		{0415C151-E841-4A19-AA2C-EA590E7FF888}.Release|x86.Build.0 = Release|Win32
	EndGlobalSection
	GlobalSection(SolutionProperties) = preSolution
		HideSolutionNode = FALSE
	EndGlobalSection
	GlobalSection(ExtensibilityGlobals) = postSolution
		SolutionGuid = {0B152EAE-8090-40A5-AF89-7776A90419D9}
	EndGlobalSection
EndGlobal
